
Microsoft Visual Studio Solution File, Format Version 12.00
# Visual Studio Version 16
VisualStudioVersion = 16.0.29519.181
MinimumVisualStudioVersion = 10.0.40219.1
Project("{FAE04EC0-301F-11D3-BF4B-00C04F79EFBC}") = "BonusScoringSystem", "BonusScoringSystem\BonusScoringSystem.csproj", "{1D9D981B-95DE-4FAF-96D4-2D8CC777FDF4}"
EndProject
Project("{FAE04EC0-301F-11D3-BF4B-00C04F79EFBC}") = "MuOnline", "MuOnline\MuOnline.csproj", "{40EEC19F-CF07-4FBD-8555-EF0C5E3D951F}"
EndProject
Project("{FAE04EC0-301F-11D3-BF4B-00C04F79EFBC}") = "Inventory", "Inventory\Inventory.csproj", "{09116C60-265D-49F6-BF59-B308245934DB}"
EndProject
Global
	GlobalSection(SolutionConfigurationPlatforms) = preSolution
		Debug|Any CPU = Debug|Any CPU
		Release|Any CPU = Release|Any CPU
	EndGlobalSection
	GlobalSection(ProjectConfigurationPlatforms) = postSolution
		{1D9D981B-95DE-4FAF-96D4-2D8CC777FDF4}.Debug|Any CPU.ActiveCfg = Debug|Any CPU
		{1D9D981B-95DE-4FAF-96D4-2D8CC777FDF4}.Debug|Any CPU.Build.0 = Debug|Any CPU
		{1D9D981B-95DE-4FAF-96D4-2D8CC777FDF4}.Release|Any CPU.ActiveCfg = Release|Any CPU
		{1D9D981B-95DE-4FAF-96D4-2D8CC777FDF4}.Release|Any CPU.Build.0 = Release|Any CPU
		{40EEC19F-CF07-4FBD-8555-EF0C5E3D951F}.Debug|Any CPU.ActiveCfg = Debug|Any CPU
		{40EEC19F-CF07-4FBD-8555-EF0C5E3D951F}.Debug|Any CPU.Build.0 = Debug|Any CPU
		{40EEC19F-CF07-4FBD-8555-EF0C5E3D951F}.Release|Any CPU.ActiveCfg = Release|Any CPU
		{40EEC19F-CF07-4FBD-8555-EF0C5E3D951F}.Release|Any CPU.Build.0 = Release|Any CPU
		{09116C60-265D-49F6-BF59-B308245934DB}.Debug|Any CPU.ActiveCfg = Debug|Any CPU
		{09116C60-265D-49F6-BF59-B308245934DB}.Debug|Any CPU.Build.0 = Debug|Any CPU
		{09116C60-265D-49F6-BF59-B308245934DB}.Release|Any CPU.ActiveCfg = Release|Any CPU
		{09116C60-265D-49F6-BF59-B308245934DB}.Release|Any CPU.Build.0 = Release|Any CPU
	EndGlobalSection
	GlobalSection(SolutionProperties) = preSolution
		HideSolutionNode = FALSE
	EndGlobalSection
	GlobalSection(ExtensibilityGlobals) = postSolution
		SolutionGuid = {91DCC44C-F7E6-4C4E-9B65-DB01A3068392}
	EndGlobalSection
EndGlobal
