
Microsoft Visual Studio Solution File, Format Version 12.00
# Visual Studio Version 16
VisualStudioVersion = 16.0.29519.181
MinimumVisualStudioVersion = 10.0.40219.1
Project("{FAE04EC0-301F-11D3-BF4B-00C04F79EFBC}") = "DisneyLandJorney", "DisneyLandJorney\DisneyLandJorney.csproj", "{76B92507-EF57-4A01-9E01-099C6C93D49B}"
EndProject
Project("{FAE04EC0-301F-11D3-BF4B-00C04F79EFBC}") = "ArcheryTornament", "ArcheryTornament\ArcheryTornament.csproj", "{6F4D9BF9-4B54-4193-90A4-4CA488B9F4A7}"
EndProject
Project("{FAE04EC0-301F-11D3-BF4B-00C04F79EFBC}") = "SchoolLibrary", "SchoolLibrary\SchoolLibrary.csproj", "{C6B47784-838E-4644-8E6F-C5CAC858150D}"
EndProject
Global
	GlobalSection(SolutionConfigurationPlatforms) = preSolution
		Debug|Any CPU = Debug|Any CPU
		Release|Any CPU = Release|Any CPU
	EndGlobalSection
	GlobalSection(ProjectConfigurationPlatforms) = postSolution
		{76B92507-EF57-4A01-9E01-099C6C93D49B}.Debug|Any CPU.ActiveCfg = Debug|Any CPU
		{76B92507-EF57-4A01-9E01-099C6C93D49B}.Debug|Any CPU.Build.0 = Debug|Any CPU
		{76B92507-EF57-4A01-9E01-099C6C93D49B}.Release|Any CPU.ActiveCfg = Release|Any CPU
		{76B92507-EF57-4A01-9E01-099C6C93D49B}.Release|Any CPU.Build.0 = Release|Any CPU
		{6F4D9BF9-4B54-4193-90A4-4CA488B9F4A7}.Debug|Any CPU.ActiveCfg = Debug|Any CPU
		{6F4D9BF9-4B54-4193-90A4-4CA488B9F4A7}.Debug|Any CPU.Build.0 = Debug|Any CPU
		{6F4D9BF9-4B54-4193-90A4-4CA488B9F4A7}.Release|Any CPU.ActiveCfg = Release|Any CPU
		{6F4D9BF9-4B54-4193-90A4-4CA488B9F4A7}.Release|Any CPU.Build.0 = Release|Any CPU
		{C6B47784-838E-4644-8E6F-C5CAC858150D}.Debug|Any CPU.ActiveCfg = Debug|Any CPU
		{C6B47784-838E-4644-8E6F-C5CAC858150D}.Debug|Any CPU.Build.0 = Debug|Any CPU
		{C6B47784-838E-4644-8E6F-C5CAC858150D}.Release|Any CPU.ActiveCfg = Release|Any CPU
		{C6B47784-838E-4644-8E6F-C5CAC858150D}.Release|Any CPU.Build.0 = Release|Any CPU
	EndGlobalSection
	GlobalSection(SolutionProperties) = preSolution
		HideSolutionNode = FALSE
	EndGlobalSection
	GlobalSection(ExtensibilityGlobals) = postSolution
		SolutionGuid = {0BA6D0F3-6626-4DD6-84D8-DD0045877DBE}
	EndGlobalSection
EndGlobal
