
Microsoft Visual Studio Solution File, Format Version 12.00
# Visual Studio Version 16
VisualStudioVersion = 16.0.29519.181
MinimumVisualStudioVersion = 10.0.40219.1
Project("{FAE04EC0-301F-11D3-BF4B-00C04F79EFBC}") = "SmalestNum", "SmalestNum\SmalestNum.csproj", "{C8E68B71-A597-4468-803A-805BF78141D1}"
EndProject
Project("{FAE04EC0-301F-11D3-BF4B-00C04F79EFBC}") = "Vowels", "Vowels\Vowels.csproj", "{32B5F855-45F0-4392-B226-2757711A9614}"
EndProject
Project("{FAE04EC0-301F-11D3-BF4B-00C04F79EFBC}") = "CharacterInRange", "CharacterInRange\CharacterInRange.csproj", "{C7CDBF0A-FF32-49F4-B613-A51ADA8ACBEE}"
EndProject
Project("{FAE04EC0-301F-11D3-BF4B-00C04F79EFBC}") = "PasswordValidator", "PasswordValidator\PasswordValidator.csproj", "{FF50165E-56B6-4451-BB13-97613F6E33F6}"
EndProject
Project("{FAE04EC0-301F-11D3-BF4B-00C04F79EFBC}") = "SumDigits", "SumDigits\SumDigits.csproj", "{E2CBDDDF-B1FD-4FE3-80C9-002D1A81B6EA}"
EndProject
Project("{FAE04EC0-301F-11D3-BF4B-00C04F79EFBC}") = "MidleChars", "MidleChars\MidleChars.csproj", "{661AC163-E6E8-4651-A7E4-7566ED346C90}"
EndProject
Project("{FAE04EC0-301F-11D3-BF4B-00C04F79EFBC}") = "NxNMatrix", "NxNMatrix\NxNMatrix.csproj", "{7B4F661C-1D22-4F4F-AC43-F76AE755C2A0}"
EndProject
Project("{FAE04EC0-301F-11D3-BF4B-00C04F79EFBC}") = "FactorialNumber", "FactorialNumber\FactorialNumber.csproj", "{735BF18F-038D-407C-BE81-A5F530F69D15}"
EndProject
Project("{FAE04EC0-301F-11D3-BF4B-00C04F79EFBC}") = "Palindrome", "Palindrome\Palindrome.csproj", "{205E37E2-4080-4342-9241-B7280A2FECB5}"
EndProject
Project("{FAE04EC0-301F-11D3-BF4B-00C04F79EFBC}") = "TopNumber", "TopNumber\TopNumber.csproj", "{201F2699-4A10-41C8-B409-8D84A38614CF}"
EndProject
Project("{FAE04EC0-301F-11D3-BF4B-00C04F79EFBC}") = "ArrayManipulator", "ArrayManipulator\ArrayManipulator.csproj", "{A8FCD3C9-3FC1-4604-9087-E03CAD2C344D}"
EndProject
Global
	GlobalSection(SolutionConfigurationPlatforms) = preSolution
		Debug|Any CPU = Debug|Any CPU
		Release|Any CPU = Release|Any CPU
	EndGlobalSection
	GlobalSection(ProjectConfigurationPlatforms) = postSolution
		{C8E68B71-A597-4468-803A-805BF78141D1}.Debug|Any CPU.ActiveCfg = Debug|Any CPU
		{C8E68B71-A597-4468-803A-805BF78141D1}.Debug|Any CPU.Build.0 = Debug|Any CPU
		{C8E68B71-A597-4468-803A-805BF78141D1}.Release|Any CPU.ActiveCfg = Release|Any CPU
		{C8E68B71-A597-4468-803A-805BF78141D1}.Release|Any CPU.Build.0 = Release|Any CPU
		{32B5F855-45F0-4392-B226-2757711A9614}.Debug|Any CPU.ActiveCfg = Debug|Any CPU
		{32B5F855-45F0-4392-B226-2757711A9614}.Debug|Any CPU.Build.0 = Debug|Any CPU
		{32B5F855-45F0-4392-B226-2757711A9614}.Release|Any CPU.ActiveCfg = Release|Any CPU
		{32B5F855-45F0-4392-B226-2757711A9614}.Release|Any CPU.Build.0 = Release|Any CPU
		{C7CDBF0A-FF32-49F4-B613-A51ADA8ACBEE}.Debug|Any CPU.ActiveCfg = Debug|Any CPU
		{C7CDBF0A-FF32-49F4-B613-A51ADA8ACBEE}.Debug|Any CPU.Build.0 = Debug|Any CPU
		{C7CDBF0A-FF32-49F4-B613-A51ADA8ACBEE}.Release|Any CPU.ActiveCfg = Release|Any CPU
		{C7CDBF0A-FF32-49F4-B613-A51ADA8ACBEE}.Release|Any CPU.Build.0 = Release|Any CPU
		{FF50165E-56B6-4451-BB13-97613F6E33F6}.Debug|Any CPU.ActiveCfg = Debug|Any CPU
		{FF50165E-56B6-4451-BB13-97613F6E33F6}.Debug|Any CPU.Build.0 = Debug|Any CPU
		{FF50165E-56B6-4451-BB13-97613F6E33F6}.Release|Any CPU.ActiveCfg = Release|Any CPU
		{FF50165E-56B6-4451-BB13-97613F6E33F6}.Release|Any CPU.Build.0 = Release|Any CPU
		{E2CBDDDF-B1FD-4FE3-80C9-002D1A81B6EA}.Debug|Any CPU.ActiveCfg = Debug|Any CPU
		{E2CBDDDF-B1FD-4FE3-80C9-002D1A81B6EA}.Debug|Any CPU.Build.0 = Debug|Any CPU
		{E2CBDDDF-B1FD-4FE3-80C9-002D1A81B6EA}.Release|Any CPU.ActiveCfg = Release|Any CPU
		{E2CBDDDF-B1FD-4FE3-80C9-002D1A81B6EA}.Release|Any CPU.Build.0 = Release|Any CPU
		{661AC163-E6E8-4651-A7E4-7566ED346C90}.Debug|Any CPU.ActiveCfg = Debug|Any CPU
		{661AC163-E6E8-4651-A7E4-7566ED346C90}.Debug|Any CPU.Build.0 = Debug|Any CPU
		{661AC163-E6E8-4651-A7E4-7566ED346C90}.Release|Any CPU.ActiveCfg = Release|Any CPU
		{661AC163-E6E8-4651-A7E4-7566ED346C90}.Release|Any CPU.Build.0 = Release|Any CPU
		{7B4F661C-1D22-4F4F-AC43-F76AE755C2A0}.Debug|Any CPU.ActiveCfg = Debug|Any CPU
		{7B4F661C-1D22-4F4F-AC43-F76AE755C2A0}.Debug|Any CPU.Build.0 = Debug|Any CPU
		{7B4F661C-1D22-4F4F-AC43-F76AE755C2A0}.Release|Any CPU.ActiveCfg = Release|Any CPU
		{7B4F661C-1D22-4F4F-AC43-F76AE755C2A0}.Release|Any CPU.Build.0 = Release|Any CPU
		{735BF18F-038D-407C-BE81-A5F530F69D15}.Debug|Any CPU.ActiveCfg = Debug|Any CPU
		{735BF18F-038D-407C-BE81-A5F530F69D15}.Debug|Any CPU.Build.0 = Debug|Any CPU
		{735BF18F-038D-407C-BE81-A5F530F69D15}.Release|Any CPU.ActiveCfg = Release|Any CPU
		{735BF18F-038D-407C-BE81-A5F530F69D15}.Release|Any CPU.Build.0 = Release|Any CPU
		{205E37E2-4080-4342-9241-B7280A2FECB5}.Debug|Any CPU.ActiveCfg = Debug|Any CPU
		{205E37E2-4080-4342-9241-B7280A2FECB5}.Debug|Any CPU.Build.0 = Debug|Any CPU
		{205E37E2-4080-4342-9241-B7280A2FECB5}.Release|Any CPU.ActiveCfg = Release|Any CPU
		{205E37E2-4080-4342-9241-B7280A2FECB5}.Release|Any CPU.Build.0 = Release|Any CPU
		{201F2699-4A10-41C8-B409-8D84A38614CF}.Debug|Any CPU.ActiveCfg = Debug|Any CPU
		{201F2699-4A10-41C8-B409-8D84A38614CF}.Debug|Any CPU.Build.0 = Debug|Any CPU
		{201F2699-4A10-41C8-B409-8D84A38614CF}.Release|Any CPU.ActiveCfg = Release|Any CPU
		{201F2699-4A10-41C8-B409-8D84A38614CF}.Release|Any CPU.Build.0 = Release|Any CPU
		{A8FCD3C9-3FC1-4604-9087-E03CAD2C344D}.Debug|Any CPU.ActiveCfg = Debug|Any CPU
		{A8FCD3C9-3FC1-4604-9087-E03CAD2C344D}.Debug|Any CPU.Build.0 = Debug|Any CPU
		{A8FCD3C9-3FC1-4604-9087-E03CAD2C344D}.Release|Any CPU.ActiveCfg = Release|Any CPU
		{A8FCD3C9-3FC1-4604-9087-E03CAD2C344D}.Release|Any CPU.Build.0 = Release|Any CPU
	EndGlobalSection
	GlobalSection(SolutionProperties) = preSolution
		HideSolutionNode = FALSE
	EndGlobalSection
	GlobalSection(ExtensibilityGlobals) = postSolution
		SolutionGuid = {18710B30-02CD-4364-98C4-2C2DC89AF396}
	EndGlobalSection
EndGlobal
