
Microsoft Visual Studio Solution File, Format Version 12.00
# Visual Studio Version 16
VisualStudioVersion = 16.0.29519.181
MinimumVisualStudioVersion = 10.0.40219.1
Project("{FAE04EC0-301F-11D3-BF4B-00C04F79EFBC}") = "BlackFlag", "BlackFlag\BlackFlag.csproj", "{FE55BF49-AB7D-4748-BCED-44D2A63EDA81}"
EndProject
Project("{FAE04EC0-301F-11D3-BF4B-00C04F79EFBC}") = "TresureHunt", "TresureHunt\TresureHunt.csproj", "{0A00626B-9704-493D-8024-7C719E83A018}"
EndProject
Project("{FAE04EC0-301F-11D3-BF4B-00C04F79EFBC}") = "ManOWar", "ManOWar\ManOWar.csproj", "{333E2FD3-32CC-4DDF-9D60-6CB88825229E}"
EndProject
Global
	GlobalSection(SolutionConfigurationPlatforms) = preSolution
		Debug|Any CPU = Debug|Any CPU
		Release|Any CPU = Release|Any CPU
	EndGlobalSection
	GlobalSection(ProjectConfigurationPlatforms) = postSolution
		{FE55BF49-AB7D-4748-BCED-44D2A63EDA81}.Debug|Any CPU.ActiveCfg = Debug|Any CPU
		{FE55BF49-AB7D-4748-BCED-44D2A63EDA81}.Debug|Any CPU.Build.0 = Debug|Any CPU
		{FE55BF49-AB7D-4748-BCED-44D2A63EDA81}.Release|Any CPU.ActiveCfg = Release|Any CPU
		{FE55BF49-AB7D-4748-BCED-44D2A63EDA81}.Release|Any CPU.Build.0 = Release|Any CPU
		{0A00626B-9704-493D-8024-7C719E83A018}.Debug|Any CPU.ActiveCfg = Debug|Any CPU
		{0A00626B-9704-493D-8024-7C719E83A018}.Debug|Any CPU.Build.0 = Debug|Any CPU
		{0A00626B-9704-493D-8024-7C719E83A018}.Release|Any CPU.ActiveCfg = Release|Any CPU
		{0A00626B-9704-493D-8024-7C719E83A018}.Release|Any CPU.Build.0 = Release|Any CPU
		{333E2FD3-32CC-4DDF-9D60-6CB88825229E}.Debug|Any CPU.ActiveCfg = Debug|Any CPU
		{333E2FD3-32CC-4DDF-9D60-6CB88825229E}.Debug|Any CPU.Build.0 = Debug|Any CPU
		{333E2FD3-32CC-4DDF-9D60-6CB88825229E}.Release|Any CPU.ActiveCfg = Release|Any CPU
		{333E2FD3-32CC-4DDF-9D60-6CB88825229E}.Release|Any CPU.Build.0 = Release|Any CPU
	EndGlobalSection
	GlobalSection(SolutionProperties) = preSolution
		HideSolutionNode = FALSE
	EndGlobalSection
	GlobalSection(ExtensibilityGlobals) = postSolution
		SolutionGuid = {F3316EA4-1584-4DAF-9F71-F7200F5A4491}
	EndGlobalSection
EndGlobal
